// !$*UTF8*$!
{
	archiveVersion = 1;
	classes = {
	};
	objectVersion = 50;
	objects = {

/* Begin PBXBuildFile section */
		2F224EE524EEAEFE006991C7 /* MarketAnnotationView.swift in Sources */ = {isa = PBXBuildFile; fileRef = 2F224EE424EEAEFE006991C7 /* MarketAnnotationView.swift */; };
		0B94CF0924EACFA7001C6960 /* CardViewController.swift in Sources */ = {isa = PBXBuildFile; fileRef = 0B94CF0724EACFA7001C6960 /* CardViewController.swift */; };
		0B94CF0A24EACFA7001C6960 /* CardViewController.xib in Resources */ = {isa = PBXBuildFile; fileRef = 0B94CF0824EACFA7001C6960 /* CardViewController.xib */; };
		0B94CF0C24EAD4C9001C6960 /* VerticalButton.swift in Sources */ = {isa = PBXBuildFile; fileRef = 0B94CF0B24EAD4C9001C6960 /* VerticalButton.swift */; };
		2F3FA51424EAB0A500F56EC7 /* feiras-sp.json in Resources */ = {isa = PBXBuildFile; fileRef = 2F3FA51324EAB0A500F56EC7 /* feiras-sp.json */; };
		2F3FA51724EAD09700F56EC7 /* MarketModel.swift in Sources */ = {isa = PBXBuildFile; fileRef = 2F3FA51624EAD09700F56EC7 /* MarketModel.swift */; };
		2F3FA51924EAD18B00F56EC7 /* Constants.swift in Sources */ = {isa = PBXBuildFile; fileRef = 2F3FA51824EAD18B00F56EC7 /* Constants.swift */; };
		9C6743C723CCA0F200B1ECA8 /* AppDelegate.swift in Sources */ = {isa = PBXBuildFile; fileRef = 9C6743C623CCA0F200B1ECA8 /* AppDelegate.swift */; };
		9C6743C923CCA0F200B1ECA8 /* SceneDelegate.swift in Sources */ = {isa = PBXBuildFile; fileRef = 9C6743C823CCA0F200B1ECA8 /* SceneDelegate.swift */; };
		9C6743CB23CCA0F200B1ECA8 /* HomeViewController.swift in Sources */ = {isa = PBXBuildFile; fileRef = 9C6743CA23CCA0F200B1ECA8 /* HomeViewController.swift */; };
		9C6743CE23CCA0F200B1ECA8 /* Main.storyboard in Resources */ = {isa = PBXBuildFile; fileRef = 9C6743CC23CCA0F200B1ECA8 /* Main.storyboard */; };
		9C6743D023CCA0F300B1ECA8 /* Assets.xcassets in Resources */ = {isa = PBXBuildFile; fileRef = 9C6743CF23CCA0F300B1ECA8 /* Assets.xcassets */; };
		9C6743D323CCA0F300B1ECA8 /* LaunchScreen.storyboard in Resources */ = {isa = PBXBuildFile; fileRef = 9C6743D123CCA0F300B1ECA8 /* LaunchScreen.storyboard */; };
/* End PBXBuildFile section */

/* Begin PBXFileReference section */
		0B94CF0724EACFA7001C6960 /* CardViewController.swift */ = {isa = PBXFileReference; lastKnownFileType = sourcecode.swift; path = CardViewController.swift; sourceTree = "<group>"; };
		0B94CF0824EACFA7001C6960 /* CardViewController.xib */ = {isa = PBXFileReference; lastKnownFileType = file.xib; path = CardViewController.xib; sourceTree = "<group>"; };
		0B94CF0B24EAD4C9001C6960 /* VerticalButton.swift */ = {isa = PBXFileReference; lastKnownFileType = sourcecode.swift; path = VerticalButton.swift; sourceTree = "<group>"; };
		2F224EE424EEAEFE006991C7 /* MarketAnnotationView.swift */ = {isa = PBXFileReference; lastKnownFileType = sourcecode.swift; path = MarketAnnotationView.swift; sourceTree = "<group>"; };
		2F3FA51324EAB0A500F56EC7 /* feiras-sp.json */ = {isa = PBXFileReference; fileEncoding = 4; lastKnownFileType = text.json; path = "feiras-sp.json"; sourceTree = "<group>"; };
		2F3FA51624EAD09700F56EC7 /* MarketModel.swift */ = {isa = PBXFileReference; lastKnownFileType = sourcecode.swift; path = MarketModel.swift; sourceTree = "<group>"; };
		2F3FA51824EAD18B00F56EC7 /* Constants.swift */ = {isa = PBXFileReference; lastKnownFileType = sourcecode.swift; path = Constants.swift; sourceTree = "<group>"; };
		9C6743C323CCA0F200B1ECA8 /* DiaDeFeira.app */ = {isa = PBXFileReference; explicitFileType = wrapper.application; includeInIndex = 0; path = DiaDeFeira.app; sourceTree = BUILT_PRODUCTS_DIR; };
		9C6743C623CCA0F200B1ECA8 /* AppDelegate.swift */ = {isa = PBXFileReference; lastKnownFileType = sourcecode.swift; path = AppDelegate.swift; sourceTree = "<group>"; };
		9C6743C823CCA0F200B1ECA8 /* SceneDelegate.swift */ = {isa = PBXFileReference; lastKnownFileType = sourcecode.swift; path = SceneDelegate.swift; sourceTree = "<group>"; };
		9C6743CA23CCA0F200B1ECA8 /* HomeViewController.swift */ = {isa = PBXFileReference; lastKnownFileType = sourcecode.swift; path = HomeViewController.swift; sourceTree = "<group>"; };
		9C6743CD23CCA0F200B1ECA8 /* Base */ = {isa = PBXFileReference; lastKnownFileType = file.storyboard; name = Base; path = Base.lproj/Main.storyboard; sourceTree = "<group>"; };
		9C6743CF23CCA0F300B1ECA8 /* Assets.xcassets */ = {isa = PBXFileReference; lastKnownFileType = folder.assetcatalog; path = Assets.xcassets; sourceTree = "<group>"; };
		9C6743D223CCA0F300B1ECA8 /* Base */ = {isa = PBXFileReference; lastKnownFileType = file.storyboard; name = Base; path = Base.lproj/LaunchScreen.storyboard; sourceTree = "<group>"; };
		9C6743D423CCA0F300B1ECA8 /* Info.plist */ = {isa = PBXFileReference; lastKnownFileType = text.plist.xml; path = Info.plist; sourceTree = "<group>"; };
/* End PBXFileReference section */

/* Begin PBXFrameworksBuildPhase section */
		9C6743C023CCA0F200B1ECA8 /* Frameworks */ = {
			isa = PBXFrameworksBuildPhase;
			buildActionMask = 2147483647;
			files = (
			);
			runOnlyForDeploymentPostprocessing = 0;
		};
/* End PBXFrameworksBuildPhase section */

/* Begin PBXGroup section */
		2F224EE624EEB0DF006991C7 /* Resources */ = {
			isa = PBXGroup;
			children = (
				9C6743CF23CCA0F300B1ECA8 /* Assets.xcassets */,
				2F3FA51824EAD18B00F56EC7 /* Constants.swift */,
			);
			path = Resources;
			sourceTree = "<group>";
		};
		2F3FA51524EAD07600F56EC7 /* Model */ = {
			isa = PBXGroup;
			children = (
				2F3FA51624EAD09700F56EC7 /* MarketModel.swift */,
				2F224EE424EEAEFE006991C7 /* MarketAnnotationView.swift */,
			);
			path = Model;
			sourceTree = "<group>";
		};
		9C6743BA23CCA0F200B1ECA8 = {
			isa = PBXGroup;
			children = (
				9C6743C523CCA0F200B1ECA8 /* DiaDeFeira */,
				9C6743C423CCA0F200B1ECA8 /* Products */,
			);
			sourceTree = "<group>";
		};
		9C6743C423CCA0F200B1ECA8 /* Products */ = {
			isa = PBXGroup;
			children = (
				9C6743C323CCA0F200B1ECA8 /* DiaDeFeira.app */,
			);
			name = Products;
			sourceTree = "<group>";
		};
		9C6743C523CCA0F200B1ECA8 /* DiaDeFeira */ = {
			isa = PBXGroup;
			children = (
				2F3FA51524EAD07600F56EC7 /* Model */,
				9C6F1D972420FB0C00D3648A /* Card */,
				9C6F1D962420FB0300D3648A /* Home */,
				9C6F1D952420FAF000D3648A /* Filter */,
				9C6F1D922420F66F00D3648A /* Data */,
				2F224EE624EEB0DF006991C7 /* Resources */,
				9C6743C623CCA0F200B1ECA8 /* AppDelegate.swift */,
				9C6743C823CCA0F200B1ECA8 /* SceneDelegate.swift */,
				9C6743CC23CCA0F200B1ECA8 /* Main.storyboard */,
				9C6743D123CCA0F300B1ECA8 /* LaunchScreen.storyboard */,
				9C6743D423CCA0F300B1ECA8 /* Info.plist */,
			);
			path = DiaDeFeira;
			sourceTree = "<group>";
		};
		9C6F1D922420F66F00D3648A /* Data */ = {
			isa = PBXGroup;
			children = (
				2F3FA51324EAB0A500F56EC7 /* feiras-sp.json */,
			);
			path = Data;
			sourceTree = "<group>";
		};
		9C6F1D952420FAF000D3648A /* Filter */ = {
			isa = PBXGroup;
			children = (
			);
			path = Filter;
			sourceTree = "<group>";
		};
		9C6F1D962420FB0300D3648A /* Home */ = {
			isa = PBXGroup;
			children = (
				9C6743CA23CCA0F200B1ECA8 /* HomeViewController.swift */,
			);
			path = Home;
			sourceTree = "<group>";
		};
		9C6F1D972420FB0C00D3648A /* Card */ = {
			isa = PBXGroup;
			children = (
				0B94CF0724EACFA7001C6960 /* CardViewController.swift */,
				0B94CF0B24EAD4C9001C6960 /* VerticalButton.swift */,
				0B94CF0824EACFA7001C6960 /* CardViewController.xib */,
			);
			path = Card;
			sourceTree = "<group>";
		};
/* End PBXGroup section */

/* Begin PBXNativeTarget section */
		9C6743C223CCA0F200B1ECA8 /* DiaDeFeira */ = {
			isa = PBXNativeTarget;
			buildConfigurationList = 9C6743D723CCA0F300B1ECA8 /* Build configuration list for PBXNativeTarget "DiaDeFeira" */;
			buildPhases = (
				9C6743BF23CCA0F200B1ECA8 /* Sources */,
				9C6743C023CCA0F200B1ECA8 /* Frameworks */,
				9C6743C123CCA0F200B1ECA8 /* Resources */,
			);
			buildRules = (
			);
			dependencies = (
			);
			name = DiaDeFeira;
			productName = DiaDeFeira;
			productReference = 9C6743C323CCA0F200B1ECA8 /* DiaDeFeira.app */;
			productType = "com.apple.product-type.application";
		};
/* End PBXNativeTarget section */

/* Begin PBXProject section */
		9C6743BB23CCA0F200B1ECA8 /* Project object */ = {
			isa = PBXProject;
			attributes = {
				LastSwiftUpdateCheck = 1120;
				LastUpgradeCheck = 1120;
				ORGANIZATIONNAME = "Marina Miranda Aranha";
				TargetAttributes = {
					9C6743C223CCA0F200B1ECA8 = {
						CreatedOnToolsVersion = 11.2;
					};
				};
			};
			buildConfigurationList = 9C6743BE23CCA0F200B1ECA8 /* Build configuration list for PBXProject "DiaDeFeira" */;
			compatibilityVersion = "Xcode 9.3";
			developmentRegion = en;
			hasScannedForEncodings = 0;
			knownRegions = (
				en,
				Base,
			);
			mainGroup = 9C6743BA23CCA0F200B1ECA8;
			productRefGroup = 9C6743C423CCA0F200B1ECA8 /* Products */;
			projectDirPath = "";
			projectRoot = "";
			targets = (
				9C6743C223CCA0F200B1ECA8 /* DiaDeFeira */,
			);
		};
/* End PBXProject section */

/* Begin PBXResourcesBuildPhase section */
		9C6743C123CCA0F200B1ECA8 /* Resources */ = {
			isa = PBXResourcesBuildPhase;
			buildActionMask = 2147483647;
			files = (
				9C6743D323CCA0F300B1ECA8 /* LaunchScreen.storyboard in Resources */,
				9C6743D023CCA0F300B1ECA8 /* Assets.xcassets in Resources */,
				9C6743CE23CCA0F200B1ECA8 /* Main.storyboard in Resources */,
				0B94CF0A24EACFA7001C6960 /* CardViewController.xib in Resources */,
				2F3FA51424EAB0A500F56EC7 /* feiras-sp.json in Resources */,
			);
			runOnlyForDeploymentPostprocessing = 0;
		};
/* End PBXResourcesBuildPhase section */

/* Begin PBXSourcesBuildPhase section */
		9C6743BF23CCA0F200B1ECA8 /* Sources */ = {
			isa = PBXSourcesBuildPhase;
			buildActionMask = 2147483647;
			files = (
				2F3FA51924EAD18B00F56EC7 /* Constants.swift in Sources */,
				2F224EE524EEAEFE006991C7 /* MarketAnnotationView.swift in Sources */,
				0B94CF0924EACFA7001C6960 /* CardViewController.swift in Sources */,
				9C6743CB23CCA0F200B1ECA8 /* HomeViewController.swift in Sources */,
				2F3FA51724EAD09700F56EC7 /* MarketModel.swift in Sources */,
				9C6743C723CCA0F200B1ECA8 /* AppDelegate.swift in Sources */,
				0B94CF0C24EAD4C9001C6960 /* VerticalButton.swift in Sources */,
				9C6743C923CCA0F200B1ECA8 /* SceneDelegate.swift in Sources */,
			);
			runOnlyForDeploymentPostprocessing = 0;
		};
/* End PBXSourcesBuildPhase section */

/* Begin PBXVariantGroup section */
		9C6743CC23CCA0F200B1ECA8 /* Main.storyboard */ = {
			isa = PBXVariantGroup;
			children = (
				9C6743CD23CCA0F200B1ECA8 /* Base */,
			);
			name = Main.storyboard;
			sourceTree = "<group>";
		};
		9C6743D123CCA0F300B1ECA8 /* LaunchScreen.storyboard */ = {
			isa = PBXVariantGroup;
			children = (
				9C6743D223CCA0F300B1ECA8 /* Base */,
			);
			name = LaunchScreen.storyboard;
			sourceTree = "<group>";
		};
/* End PBXVariantGroup section */

/* Begin XCBuildConfiguration section */
		9C6743D523CCA0F300B1ECA8 /* Debug */ = {
			isa = XCBuildConfiguration;
			buildSettings = {
				ALWAYS_SEARCH_USER_PATHS = NO;
				CLANG_ANALYZER_NONNULL = YES;
				CLANG_ANALYZER_NUMBER_OBJECT_CONVERSION = YES_AGGRESSIVE;
				CLANG_CXX_LANGUAGE_STANDARD = "gnu++14";
				CLANG_CXX_LIBRARY = "libc++";
				CLANG_ENABLE_MODULES = YES;
				CLANG_ENABLE_OBJC_ARC = YES;
				CLANG_ENABLE_OBJC_WEAK = YES;
				CLANG_WARN_BLOCK_CAPTURE_AUTORELEASING = YES;
				CLANG_WARN_BOOL_CONVERSION = YES;
				CLANG_WARN_COMMA = YES;
				CLANG_WARN_CONSTANT_CONVERSION = YES;
				CLANG_WARN_DEPRECATED_OBJC_IMPLEMENTATIONS = YES;
				CLANG_WARN_DIRECT_OBJC_ISA_USAGE = YES_ERROR;
				CLANG_WARN_DOCUMENTATION_COMMENTS = YES;
				CLANG_WARN_EMPTY_BODY = YES;
				CLANG_WARN_ENUM_CONVERSION = YES;
				CLANG_WARN_INFINITE_RECURSION = YES;
				CLANG_WARN_INT_CONVERSION = YES;
				CLANG_WARN_NON_LITERAL_NULL_CONVERSION = YES;
				CLANG_WARN_OBJC_IMPLICIT_RETAIN_SELF = YES;
				CLANG_WARN_OBJC_LITERAL_CONVERSION = YES;
				CLANG_WARN_OBJC_ROOT_CLASS = YES_ERROR;
				CLANG_WARN_RANGE_LOOP_ANALYSIS = YES;
				CLANG_WARN_STRICT_PROTOTYPES = YES;
				CLANG_WARN_SUSPICIOUS_MOVE = YES;
				CLANG_WARN_UNGUARDED_AVAILABILITY = YES_AGGRESSIVE;
				CLANG_WARN_UNREACHABLE_CODE = YES;
				CLANG_WARN__DUPLICATE_METHOD_MATCH = YES;
				COPY_PHASE_STRIP = NO;
				DEBUG_INFORMATION_FORMAT = dwarf;
				ENABLE_STRICT_OBJC_MSGSEND = YES;
				ENABLE_TESTABILITY = YES;
				GCC_C_LANGUAGE_STANDARD = gnu11;
				GCC_DYNAMIC_NO_PIC = NO;
				GCC_NO_COMMON_BLOCKS = YES;
				GCC_OPTIMIZATION_LEVEL = 0;
				GCC_PREPROCESSOR_DEFINITIONS = (
					"DEBUG=1",
					"$(inherited)",
				);
				GCC_WARN_64_TO_32_BIT_CONVERSION = YES;
				GCC_WARN_ABOUT_RETURN_TYPE = YES_ERROR;
				GCC_WARN_UNDECLARED_SELECTOR = YES;
				GCC_WARN_UNINITIALIZED_AUTOS = YES_AGGRESSIVE;
				GCC_WARN_UNUSED_FUNCTION = YES;
				GCC_WARN_UNUSED_VARIABLE = YES;
				IPHONEOS_DEPLOYMENT_TARGET = 13.2;
				MTL_ENABLE_DEBUG_INFO = INCLUDE_SOURCE;
				MTL_FAST_MATH = YES;
				ONLY_ACTIVE_ARCH = YES;
				SDKROOT = iphoneos;
				SWIFT_ACTIVE_COMPILATION_CONDITIONS = DEBUG;
				SWIFT_OPTIMIZATION_LEVEL = "-Onone";
			};
			name = Debug;
		};
		9C6743D623CCA0F300B1ECA8 /* Release */ = {
			isa = XCBuildConfiguration;
			buildSettings = {
				ALWAYS_SEARCH_USER_PATHS = NO;
				CLANG_ANALYZER_NONNULL = YES;
				CLANG_ANALYZER_NUMBER_OBJECT_CONVERSION = YES_AGGRESSIVE;
				CLANG_CXX_LANGUAGE_STANDARD = "gnu++14";
				CLANG_CXX_LIBRARY = "libc++";
				CLANG_ENABLE_MODULES = YES;
				CLANG_ENABLE_OBJC_ARC = YES;
				CLANG_ENABLE_OBJC_WEAK = YES;
				CLANG_WARN_BLOCK_CAPTURE_AUTORELEASING = YES;
				CLANG_WARN_BOOL_CONVERSION = YES;
				CLANG_WARN_COMMA = YES;
				CLANG_WARN_CONSTANT_CONVERSION = YES;
				CLANG_WARN_DEPRECATED_OBJC_IMPLEMENTATIONS = YES;
				CLANG_WARN_DIRECT_OBJC_ISA_USAGE = YES_ERROR;
				CLANG_WARN_DOCUMENTATION_COMMENTS = YES;
				CLANG_WARN_EMPTY_BODY = YES;
				CLANG_WARN_ENUM_CONVERSION = YES;
				CLANG_WARN_INFINITE_RECURSION = YES;
				CLANG_WARN_INT_CONVERSION = YES;
				CLANG_WARN_NON_LITERAL_NULL_CONVERSION = YES;
				CLANG_WARN_OBJC_IMPLICIT_RETAIN_SELF = YES;
				CLANG_WARN_OBJC_LITERAL_CONVERSION = YES;
				CLANG_WARN_OBJC_ROOT_CLASS = YES_ERROR;
				CLANG_WARN_RANGE_LOOP_ANALYSIS = YES;
				CLANG_WARN_STRICT_PROTOTYPES = YES;
				CLANG_WARN_SUSPICIOUS_MOVE = YES;
				CLANG_WARN_UNGUARDED_AVAILABILITY = YES_AGGRESSIVE;
				CLANG_WARN_UNREACHABLE_CODE = YES;
				CLANG_WARN__DUPLICATE_METHOD_MATCH = YES;
				COPY_PHASE_STRIP = NO;
				DEBUG_INFORMATION_FORMAT = "dwarf-with-dsym";
				ENABLE_NS_ASSERTIONS = NO;
				ENABLE_STRICT_OBJC_MSGSEND = YES;
				GCC_C_LANGUAGE_STANDARD = gnu11;
				GCC_NO_COMMON_BLOCKS = YES;
				GCC_WARN_64_TO_32_BIT_CONVERSION = YES;
				GCC_WARN_ABOUT_RETURN_TYPE = YES_ERROR;
				GCC_WARN_UNDECLARED_SELECTOR = YES;
				GCC_WARN_UNINITIALIZED_AUTOS = YES_AGGRESSIVE;
				GCC_WARN_UNUSED_FUNCTION = YES;
				GCC_WARN_UNUSED_VARIABLE = YES;
				IPHONEOS_DEPLOYMENT_TARGET = 13.2;
				MTL_ENABLE_DEBUG_INFO = NO;
				MTL_FAST_MATH = YES;
				SDKROOT = iphoneos;
				SWIFT_COMPILATION_MODE = wholemodule;
				SWIFT_OPTIMIZATION_LEVEL = "-O";
				VALIDATE_PRODUCT = YES;
			};
			name = Release;
		};
		9C6743D823CCA0F300B1ECA8 /* Debug */ = {
			isa = XCBuildConfiguration;
			buildSettings = {
				ASSETCATALOG_COMPILER_APPICON_NAME = AppIcon;
				CODE_SIGN_STYLE = Automatic;
				DEVELOPMENT_TEAM = FKFGBBGDU2;
				INFOPLIST_FILE = DiaDeFeira/Info.plist;
				LD_RUNPATH_SEARCH_PATHS = (
					"$(inherited)",
					"@executable_path/Frameworks",
				);
				PRODUCT_BUNDLE_IDENTIFIER = com.marina.DiaDeFeira;
				PRODUCT_NAME = "$(TARGET_NAME)";
				SWIFT_VERSION = 5.0;
				TARGETED_DEVICE_FAMILY = "1,2";
			};
			name = Debug;
		};
		9C6743D923CCA0F300B1ECA8 /* Release */ = {
			isa = XCBuildConfiguration;
			buildSettings = {
				ASSETCATALOG_COMPILER_APPICON_NAME = AppIcon;
				CODE_SIGN_STYLE = Automatic;
				DEVELOPMENT_TEAM = FKFGBBGDU2;
				INFOPLIST_FILE = DiaDeFeira/Info.plist;
				LD_RUNPATH_SEARCH_PATHS = (
					"$(inherited)",
					"@executable_path/Frameworks",
				);
				PRODUCT_BUNDLE_IDENTIFIER = com.marina.DiaDeFeira;
				PRODUCT_NAME = "$(TARGET_NAME)";
				SWIFT_VERSION = 5.0;
				TARGETED_DEVICE_FAMILY = "1,2";
			};
			name = Release;
		};
/* End XCBuildConfiguration section */

/* Begin XCConfigurationList section */
		9C6743BE23CCA0F200B1ECA8 /* Build configuration list for PBXProject "DiaDeFeira" */ = {
			isa = XCConfigurationList;
			buildConfigurations = (
				9C6743D523CCA0F300B1ECA8 /* Debug */,
				9C6743D623CCA0F300B1ECA8 /* Release */,
			);
			defaultConfigurationIsVisible = 0;
			defaultConfigurationName = Release;
		};
		9C6743D723CCA0F300B1ECA8 /* Build configuration list for PBXNativeTarget "DiaDeFeira" */ = {
			isa = XCConfigurationList;
			buildConfigurations = (
				9C6743D823CCA0F300B1ECA8 /* Debug */,
				9C6743D923CCA0F300B1ECA8 /* Release */,
			);
			defaultConfigurationIsVisible = 0;
			defaultConfigurationName = Release;
		};
/* End XCConfigurationList section */
	};
	rootObject = 9C6743BB23CCA0F200B1ECA8 /* Project object */;
}
